
Microsoft Visual Studio Solution File, Format Version 12.00
# Visual Studio Version 17
VisualStudioVersion = 17.2.32630.192
MinimumVisualStudioVersion = 10.0.40219.1
Project("{FAE04EC0-301F-11D3-BF4B-00C04F79EFBC}") = "Trainer", "Trainer\Trainer.csproj", "{F680093E-43EA-40AB-A12A-E14A49B9D8A0}"
EndProject
Global
	GlobalSection(SolutionConfigurationPlatforms) = preSolution
		Debug|Any CPU = Debug|Any CPU
		Release|Any CPU = Release|Any CPU
	EndGlobalSection
	GlobalSection(ProjectConfigurationPlatforms) = postSolution
		{F680093E-43EA-40AB-A12A-E14A49B9D8A0}.Debug|Any CPU.ActiveCfg = Debug|Any CPU
		{F680093E-43EA-40AB-A12A-E14A49B9D8A0}.Debug|Any CPU.Build.0 = Debug|Any CPU
		{F680093E-43EA-40AB-A12A-E14A49B9D8A0}.Release|Any CPU.ActiveCfg = Release|Any CPU
		{F680093E-43EA-40AB-A12A-E14A49B9D8A0}.Release|Any CPU.Build.0 = Release|Any CPU
	EndGlobalSection
	GlobalSection(SolutionProperties) = preSolution
		HideSolutionNode = FALSE
	EndGlobalSection
	GlobalSection(ExtensibilityGlobals) = postSolution
		SolutionGuid = {8ECB0561-7443-405D-8A78-6E307B435816}
	EndGlobalSection
EndGlobal
